
Microsoft Visual Studio Solution File, Format Version 12.00
# Visual Studio Version 17
VisualStudioVersion = 17.9.34728.123
MinimumVisualStudioVersion = 10.0.40219.1
Project("{FAE04EC0-301F-11D3-BF4B-00C04F79EFBC}") = "PlaygroundAPI", "PlaygroundAPI\PlaygroundAPI.csproj", "{7F53931C-A22E-402F-B312-E03F76BAA142}"
EndProject
Global
	GlobalSection(SolutionConfigurationPlatforms) = preSolution
		Debug|Any CPU = Debug|Any CPU
		Release|Any CPU = Release|Any CPU
	EndGlobalSection
	GlobalSection(ProjectConfigurationPlatforms) = postSolution
		{7F53931C-A22E-402F-B312-E03F76BAA142}.Debug|Any CPU.ActiveCfg = Debug|Any CPU
		{7F53931C-A22E-402F-B312-E03F76BAA142}.Debug|Any CPU.Build.0 = Debug|Any CPU
		{7F53931C-A22E-402F-B312-E03F76BAA142}.Release|Any CPU.ActiveCfg = Release|Any CPU
		{7F53931C-A22E-402F-B312-E03F76BAA142}.Release|Any CPU.Build.0 = Release|Any CPU
	EndGlobalSection
	GlobalSection(SolutionProperties) = preSolution
		HideSolutionNode = FALSE
	EndGlobalSection
	GlobalSection(ExtensibilityGlobals) = postSolution
		SolutionGuid = {D92169AC-2BBF-48D0-9031-7AB3DB8B5719}
	EndGlobalSection
EndGlobal
